{
  "name": "css-to-sass-converter",
  "version": "1.0.0",
  "lockfileVersion": 3,
  "requires": true,
  "packages": {
    "": {
      "name": "css-to-sass-converter",
      "version": "1.0.0",
      "license": "ISC",
      "bin": {
        "css-to-sass-converter": "bin/index.js"
      }
    }
  }
}
